
Microsoft Visual Studio Solution File, Format Version 12.00
# Visual Studio Version 17
VisualStudioVersion = 17.12.35506.116
MinimumVisualStudioVersion = 10.0.40219.1
Project("{FAE04EC0-301F-11D3-BF4B-00C04F79EFBC}") = "TechXpress.Web", "TechXpress.Web\TechXpress.Web.csproj", "{3004086F-018E-40BA-896C-9A8CE00A9485}"
EndProject
Project("{FAE04EC0-301F-11D3-BF4B-00C04F79EFBC}") = "TechXpress.Services", "TechXpress.Services\TechXpress.Services.csproj", "{C875D3F1-0BDD-4C3B-881A-73B3825A7E44}"
EndProject
Project("{FAE04EC0-301F-11D3-BF4B-00C04F79EFBC}") = "TechXpress.Data", "TechXpress.Data\TechXpress.Data.csproj", "{65FE59D9-12F0-4C1B-A5F9-2F9107026BFD}"
EndProject
Global
	GlobalSection(SolutionConfigurationPlatforms) = preSolution
		Debug|Any CPU = Debug|Any CPU
		Release|Any CPU = Release|Any CPU
	EndGlobalSection
	GlobalSection(ProjectConfigurationPlatforms) = postSolution
		{3004086F-018E-40BA-896C-9A8CE00A9485}.Debug|Any CPU.ActiveCfg = Debug|Any CPU
		{3004086F-018E-40BA-896C-9A8CE00A9485}.Debug|Any CPU.Build.0 = Debug|Any CPU
		{3004086F-018E-40BA-896C-9A8CE00A9485}.Release|Any CPU.ActiveCfg = Release|Any CPU
		{3004086F-018E-40BA-896C-9A8CE00A9485}.Release|Any CPU.Build.0 = Release|Any CPU
		{C875D3F1-0BDD-4C3B-881A-73B3825A7E44}.Debug|Any CPU.ActiveCfg = Debug|Any CPU
		{C875D3F1-0BDD-4C3B-881A-73B3825A7E44}.Debug|Any CPU.Build.0 = Debug|Any CPU
		{C875D3F1-0BDD-4C3B-881A-73B3825A7E44}.Release|Any CPU.ActiveCfg = Release|Any CPU
		{C875D3F1-0BDD-4C3B-881A-73B3825A7E44}.Release|Any CPU.Build.0 = Release|Any CPU
		{65FE59D9-12F0-4C1B-A5F9-2F9107026BFD}.Debug|Any CPU.ActiveCfg = Debug|Any CPU
		{65FE59D9-12F0-4C1B-A5F9-2F9107026BFD}.Debug|Any CPU.Build.0 = Debug|Any CPU
		{65FE59D9-12F0-4C1B-A5F9-2F9107026BFD}.Release|Any CPU.ActiveCfg = Release|Any CPU
		{65FE59D9-12F0-4C1B-A5F9-2F9107026BFD}.Release|Any CPU.Build.0 = Release|Any CPU
	EndGlobalSection
	GlobalSection(SolutionProperties) = preSolution
		HideSolutionNode = FALSE
	EndGlobalSection
EndGlobal
